
Microsoft Visual Studio Solution File, Format Version 12.00
# Visual Studio Version 16
VisualStudioVersion = 16.0.30413.136
MinimumVisualStudioVersion = 10.0.40219.1
Project("{FAE04EC0-301F-11D3-BF4B-00C04F79EFBC}") = "ParqueFarWest", "ParqueFarWest\ParqueFarWest.csproj", "{A0A5DCCF-FB9D-449D-ACFE-57A1FA018E65}"
EndProject
Global
	GlobalSection(SolutionConfigurationPlatforms) = preSolution
		Debug|Any CPU = Debug|Any CPU
		Release|Any CPU = Release|Any CPU
	EndGlobalSection
	GlobalSection(ProjectConfigurationPlatforms) = postSolution
		{A0A5DCCF-FB9D-449D-ACFE-57A1FA018E65}.Debug|Any CPU.ActiveCfg = Debug|Any CPU
		{A0A5DCCF-FB9D-449D-ACFE-57A1FA018E65}.Debug|Any CPU.Build.0 = Debug|Any CPU
		{A0A5DCCF-FB9D-449D-ACFE-57A1FA018E65}.Release|Any CPU.ActiveCfg = Release|Any CPU
		{A0A5DCCF-FB9D-449D-ACFE-57A1FA018E65}.Release|Any CPU.Build.0 = Release|Any CPU
	EndGlobalSection
	GlobalSection(SolutionProperties) = preSolution
		HideSolutionNode = FALSE
	EndGlobalSection
	GlobalSection(ExtensibilityGlobals) = postSolution
		SolutionGuid = {8384CCB4-54BB-4429-8F0D-D008FC7AE91D}
	EndGlobalSection
EndGlobal
